
Microsoft Visual Studio Solution File, Format Version 12.00
# Visual Studio Version 17
VisualStudioVersion = 17.8.34316.72
MinimumVisualStudioVersion = 10.0.40219.1
Project("{FAE04EC0-301F-11D3-BF4B-00C04F79EFBC}") = "exam_m2_w4", "exam_m2_w4.csproj", "{1D195831-DAF9-4162-9B92-1C654C8F3768}"
EndProject
Global
	GlobalSection(SolutionConfigurationPlatforms) = preSolution
		Debug|Any CPU = Debug|Any CPU
		Release|Any CPU = Release|Any CPU
	EndGlobalSection
	GlobalSection(ProjectConfigurationPlatforms) = postSolution
		{1D195831-DAF9-4162-9B92-1C654C8F3768}.Debug|Any CPU.ActiveCfg = Debug|Any CPU
		{1D195831-DAF9-4162-9B92-1C654C8F3768}.Debug|Any CPU.Build.0 = Debug|Any CPU
		{1D195831-DAF9-4162-9B92-1C654C8F3768}.Release|Any CPU.ActiveCfg = Release|Any CPU
		{1D195831-DAF9-4162-9B92-1C654C8F3768}.Release|Any CPU.Build.0 = Release|Any CPU
	EndGlobalSection
	GlobalSection(SolutionProperties) = preSolution
		HideSolutionNode = FALSE
	EndGlobalSection
	GlobalSection(ExtensibilityGlobals) = postSolution
		SolutionGuid = {4AF2BC77-E2DC-4EB6-ACBC-672A941B64E2}
	EndGlobalSection
EndGlobal
